
Microsoft Visual Studio Solution File, Format Version 12.00
# Visual Studio Version 17
VisualStudioVersion = 17.13.35825.156 d17.13
MinimumVisualStudioVersion = 10.0.40219.1
Project("{FAE04EC0-301F-11D3-BF4B-00C04F79EFBC}") = "Database Search and Reporting Task", "Database Search and Reporting Task.csproj", "{69382B19-917F-49E2-92D6-A531F246A2A1}"
EndProject
Global
	GlobalSection(SolutionConfigurationPlatforms) = preSolution
		Debug|Any CPU = Debug|Any CPU
		Release|Any CPU = Release|Any CPU
	EndGlobalSection
	GlobalSection(ProjectConfigurationPlatforms) = postSolution
		{69382B19-917F-49E2-92D6-A531F246A2A1}.Debug|Any CPU.ActiveCfg = Debug|Any CPU
		{69382B19-917F-49E2-92D6-A531F246A2A1}.Debug|Any CPU.Build.0 = Debug|Any CPU
		{69382B19-917F-49E2-92D6-A531F246A2A1}.Release|Any CPU.ActiveCfg = Release|Any CPU
		{69382B19-917F-49E2-92D6-A531F246A2A1}.Release|Any CPU.Build.0 = Release|Any CPU
	EndGlobalSection
	GlobalSection(SolutionProperties) = preSolution
		HideSolutionNode = FALSE
	EndGlobalSection
	GlobalSection(ExtensibilityGlobals) = postSolution
		SolutionGuid = {95A278C8-CA6D-4B64-98DE-1DD8BF923700}
	EndGlobalSection
EndGlobal
